PODS:
  - CourierCore (0.0.9)
  - CourierMQTT (0.0.9):
    - CourierCore (= 0.0.9)
    - MQTTClientGJ (= 0.0.9)
    - ReachabilitySwift (= 5.0.0)
  - CourierProtobuf (0.0.9):
    - CourierCore (= 0.0.9)
    - CourierMQTT (= 0.0.9)
    - SwiftProtobuf
  - Flutter (1.0.0)
  - gojek_courier (0.0.1):
    - CourierCore (= 0.0.9)
    - CourierMQTT (= 0.0.9)
    - CourierProtobuf (= 0.0.9)
    - Flutter
    - ReachabilitySwift (= 5.0.0)
    - SwiftProtobuf
  - MQTTClientGJ (0.0.9)
  - ReachabilitySwift (5.0.0)
  - SwiftProtobuf (1.20.1)

DEPENDENCIES:
  - Flutter (from `Flutter`)
  - gojek_courier (from `.symlinks/plugins/gojek_courier/ios`)

SPEC REPOS:
  trunk:
    - CourierCore
    - CourierMQTT
    - CourierProtobuf
    - MQTTClientGJ
    - ReachabilitySwift
    - SwiftProtobuf

EXTERNAL SOURCES:
  Flutter:
    :path: Flutter
  gojek_courier:
    :path: ".symlinks/plugins/gojek_courier/ios"

SPEC CHECKSUMS:
  CourierCore: 63d14fecf81aa0019d2a26b9d4eca55d9a3b321f
  CourierMQTT: 1c5679461e0641cdae17f9401c303f9c9160fb00
  CourierProtobuf: 7341817d8a9ae4aca95b249862869e015953e1c6
  Flutter: f04841e97a9d0b0a8025694d0796dd46242b2854
  gojek_courier: 9a820f01242f4d209c6175b7f57aaba3ec06cdea
  MQTTClientGJ: 25cdd9768d4a7115b189f506ffb8b1530092ff3f
  ReachabilitySwift: 985039c6f7b23a1da463388634119492ff86c825
  SwiftProtobuf: e40a7684079620e84ba522dbaeab0cddb0ec7ffd

PODFILE CHECKSUM: aafe91acc616949ddb318b77800a7f51bffa2a4c

COCOAPODS: 1.11.3
